{
  "originHash" : "edf5d33ab7e19eab1f4c86e6a9fec85e5b4ab3eaa3fe0155a0c954bf5b0324aa",
  "pins" : [
    {
      "identity" : "sagekit",
      "kind" : "remoteSourceControl",
      "location" : "https://github.com/blsage/SageKit",
      "state" : {
        "branch" : "main",
        "revision" : "917ac619d3cb8b9d3f9b20dee79e36286e040131"
      }
    },
    {
      "identity" : "swiftlintplugins",
      "kind" : "remoteSourceControl",
      "location" : "https://github.com/SimplyDanny/SwiftLintPlugins.git",
      "state" : {
        "revision" : "7c80ce6f142164b0201871e580b021d1b2c69804",
        "version" : "0.57.0"
      }
    }
  ],
  "version" : 3
}
